
Microsoft Visual Studio Solution File, Format Version 12.00
# Visual Studio 15
VisualStudioVersion = 15.0.27703.2035
MinimumVisualStudioVersion = 10.0.40219.1
Project("{FAE04EC0-301F-11D3-BF4B-00C04F79EFBC}") = "Ado_dz2", "Ado_dz2\Ado_dz2.csproj", "{9F05906C-FBB6-40CE-ACC9-CD548ED21C87}"
EndProject
Global
	GlobalSection(SolutionConfigurationPlatforms) = preSolution
		Debug|Any CPU = Debug|Any CPU
		Release|Any CPU = Release|Any CPU
	EndGlobalSection
	GlobalSection(ProjectConfigurationPlatforms) = postSolution
		{9F05906C-FBB6-40CE-ACC9-CD548ED21C87}.Debug|Any CPU.ActiveCfg = Debug|Any CPU
		{9F05906C-FBB6-40CE-ACC9-CD548ED21C87}.Debug|Any CPU.Build.0 = Debug|Any CPU
		{9F05906C-FBB6-40CE-ACC9-CD548ED21C87}.Release|Any CPU.ActiveCfg = Release|Any CPU
		{9F05906C-FBB6-40CE-ACC9-CD548ED21C87}.Release|Any CPU.Build.0 = Release|Any CPU
	EndGlobalSection
	GlobalSection(SolutionProperties) = preSolution
		HideSolutionNode = FALSE
	EndGlobalSection
	GlobalSection(ExtensibilityGlobals) = postSolution
		SolutionGuid = {A2609E2B-AA5C-4174-BD28-5541F5DABD6A}
	EndGlobalSection
EndGlobal
